
Microsoft Visual Studio Solution File, Format Version 12.00
# Visual Studio Version 16
VisualStudioVersion = 16.0.31321.278
MinimumVisualStudioVersion = 10.0.40219.1
Project("{9A19103F-16F7-4668-BE54-9A1E7A4F7556}") = "JayaTech.LeonTest.WebAPI", "JayaTech.LeonTest.WebAPI\JayaTech.LeonTest.WebAPI.csproj", "{21A7A914-30E3-4E3E-92F2-2D4F46C454BE}"
EndProject
Project("{9A19103F-16F7-4668-BE54-9A1E7A4F7556}") = "JayaTech.LeonTest.Repository", "JayaTech.LeonTest.Repository\JayaTech.LeonTest.Repository.csproj", "{349A0448-678F-4B08-934E-D0CF96360169}"
EndProject
Project("{9A19103F-16F7-4668-BE54-9A1E7A4F7556}") = "JayaTech.LeonTest.Infrastruct", "JayaTech.LeonTest.Infrastruct\JayaTech.LeonTest.Infrastruct.csproj", "{D219EE7B-0233-44C9-869A-C65EC4A1B941}"
EndProject
Project("{9A19103F-16F7-4668-BE54-9A1E7A4F7556}") = "JayaTech.LeonTest.Domain", "JayaTech.LeonTest.Domain\JayaTech.LeonTest.Domain.csproj", "{08442B38-CB1D-4DD6-890E-477FFCEBBAF9}"
EndProject
Project("{9A19103F-16F7-4668-BE54-9A1E7A4F7556}") = "JayaTech.LeonTest.Test", "JayaTech.LeonTest.Test\JayaTech.LeonTest.Test.csproj", "{A0DD789B-217A-47ED-B51B-5483D088F2CD}"
EndProject
Project("{9A19103F-16F7-4668-BE54-9A1E7A4F7556}") = "JayaTech.LeonTest.Mock", "JayaTech.LeonTest.Mock\JayaTech.LeonTest.Mock.csproj", "{C943109F-6DE2-4E6E-B585-BA0091FA30DE}"
EndProject
Project("{FAE04EC0-301F-11D3-BF4B-00C04F79EFBC}") = "JayaTech.LeonTest.Service", "JayaTech.LeonTest.Service\JayaTech.LeonTest.Service.csproj", "{BDC9CAA5-4B9E-4A0B-B367-6E3ACCAF4050}"
EndProject
Global
	GlobalSection(SolutionConfigurationPlatforms) = preSolution
		Debug|Any CPU = Debug|Any CPU
		Release|Any CPU = Release|Any CPU
	EndGlobalSection
	GlobalSection(ProjectConfigurationPlatforms) = postSolution
		{21A7A914-30E3-4E3E-92F2-2D4F46C454BE}.Debug|Any CPU.ActiveCfg = Debug|Any CPU
		{21A7A914-30E3-4E3E-92F2-2D4F46C454BE}.Debug|Any CPU.Build.0 = Debug|Any CPU
		{21A7A914-30E3-4E3E-92F2-2D4F46C454BE}.Release|Any CPU.ActiveCfg = Release|Any CPU
		{21A7A914-30E3-4E3E-92F2-2D4F46C454BE}.Release|Any CPU.Build.0 = Release|Any CPU
		{349A0448-678F-4B08-934E-D0CF96360169}.Debug|Any CPU.ActiveCfg = Debug|Any CPU
		{349A0448-678F-4B08-934E-D0CF96360169}.Debug|Any CPU.Build.0 = Debug|Any CPU
		{349A0448-678F-4B08-934E-D0CF96360169}.Release|Any CPU.ActiveCfg = Release|Any CPU
		{349A0448-678F-4B08-934E-D0CF96360169}.Release|Any CPU.Build.0 = Release|Any CPU
		{D219EE7B-0233-44C9-869A-C65EC4A1B941}.Debug|Any CPU.ActiveCfg = Debug|Any CPU
		{D219EE7B-0233-44C9-869A-C65EC4A1B941}.Debug|Any CPU.Build.0 = Debug|Any CPU
		{D219EE7B-0233-44C9-869A-C65EC4A1B941}.Release|Any CPU.ActiveCfg = Release|Any CPU
		{D219EE7B-0233-44C9-869A-C65EC4A1B941}.Release|Any CPU.Build.0 = Release|Any CPU
		{08442B38-CB1D-4DD6-890E-477FFCEBBAF9}.Debug|Any CPU.ActiveCfg = Debug|Any CPU
		{08442B38-CB1D-4DD6-890E-477FFCEBBAF9}.Debug|Any CPU.Build.0 = Debug|Any CPU
		{08442B38-CB1D-4DD6-890E-477FFCEBBAF9}.Release|Any CPU.ActiveCfg = Release|Any CPU
		{08442B38-CB1D-4DD6-890E-477FFCEBBAF9}.Release|Any CPU.Build.0 = Release|Any CPU
		{A0DD789B-217A-47ED-B51B-5483D088F2CD}.Debug|Any CPU.ActiveCfg = Debug|Any CPU
		{A0DD789B-217A-47ED-B51B-5483D088F2CD}.Debug|Any CPU.Build.0 = Debug|Any CPU
		{A0DD789B-217A-47ED-B51B-5483D088F2CD}.Release|Any CPU.ActiveCfg = Release|Any CPU
		{A0DD789B-217A-47ED-B51B-5483D088F2CD}.Release|Any CPU.Build.0 = Release|Any CPU
		{C943109F-6DE2-4E6E-B585-BA0091FA30DE}.Debug|Any CPU.ActiveCfg = Debug|Any CPU
		{C943109F-6DE2-4E6E-B585-BA0091FA30DE}.Debug|Any CPU.Build.0 = Debug|Any CPU
		{C943109F-6DE2-4E6E-B585-BA0091FA30DE}.Release|Any CPU.ActiveCfg = Release|Any CPU
		{C943109F-6DE2-4E6E-B585-BA0091FA30DE}.Release|Any CPU.Build.0 = Release|Any CPU
		{BDC9CAA5-4B9E-4A0B-B367-6E3ACCAF4050}.Debug|Any CPU.ActiveCfg = Debug|Any CPU
		{BDC9CAA5-4B9E-4A0B-B367-6E3ACCAF4050}.Debug|Any CPU.Build.0 = Debug|Any CPU
		{BDC9CAA5-4B9E-4A0B-B367-6E3ACCAF4050}.Release|Any CPU.ActiveCfg = Release|Any CPU
		{BDC9CAA5-4B9E-4A0B-B367-6E3ACCAF4050}.Release|Any CPU.Build.0 = Release|Any CPU
	EndGlobalSection
	GlobalSection(SolutionProperties) = preSolution
		HideSolutionNode = FALSE
	EndGlobalSection
	GlobalSection(ExtensibilityGlobals) = postSolution
		SolutionGuid = {C7656584-7808-4AD0-95F7-3888A7AADCF2}
	EndGlobalSection
EndGlobal
